
Microsoft Visual Studio Solution File, Format Version 12.00
# Visual Studio Version 17
VisualStudioVersion = 17.3.32901.215
MinimumVisualStudioVersion = 10.0.40219.1
Project("{FAE04EC0-301F-11D3-BF4B-00C04F79EFBC}") = "popytka6", "popytka6\popytka6.csproj", "{DE4717FD-8E50-4A2F-9FA4-B689A3AB8CC3}"
EndProject
Global
	GlobalSection(SolutionConfigurationPlatforms) = preSolution
		Debug|Any CPU = Debug|Any CPU
		Release|Any CPU = Release|Any CPU
	EndGlobalSection
	GlobalSection(ProjectConfigurationPlatforms) = postSolution
		{DE4717FD-8E50-4A2F-9FA4-B689A3AB8CC3}.Debug|Any CPU.ActiveCfg = Debug|Any CPU
		{DE4717FD-8E50-4A2F-9FA4-B689A3AB8CC3}.Debug|Any CPU.Build.0 = Debug|Any CPU
		{DE4717FD-8E50-4A2F-9FA4-B689A3AB8CC3}.Release|Any CPU.ActiveCfg = Release|Any CPU
		{DE4717FD-8E50-4A2F-9FA4-B689A3AB8CC3}.Release|Any CPU.Build.0 = Release|Any CPU
	EndGlobalSection
	GlobalSection(SolutionProperties) = preSolution
		HideSolutionNode = FALSE
	EndGlobalSection
	GlobalSection(ExtensibilityGlobals) = postSolution
		SolutionGuid = {8E1A4BFD-B116-4CAE-9551-A377E6A8CBDC}
	EndGlobalSection
EndGlobal
